
Microsoft Visual Studio Solution File, Format Version 12.00
# Visual Studio Version 16
VisualStudioVersion = 16.0.30523.141
MinimumVisualStudioVersion = 10.0.40219.1
Project("{FAE04EC0-301F-11D3-BF4B-00C04F79EFBC}") = "Itu_AnaBianca_Laborator6", "Itu_AnaBianca_Laborator6.csproj", "{1585A830-2D06-4444-B8B8-60034E37FA6C}"
EndProject
Global
	GlobalSection(SolutionConfigurationPlatforms) = preSolution
		Debug|Any CPU = Debug|Any CPU
		Release|Any CPU = Release|Any CPU
	EndGlobalSection
	GlobalSection(ProjectConfigurationPlatforms) = postSolution
		{1585A830-2D06-4444-B8B8-60034E37FA6C}.Debug|Any CPU.ActiveCfg = Debug|Any CPU
		{1585A830-2D06-4444-B8B8-60034E37FA6C}.Debug|Any CPU.Build.0 = Debug|Any CPU
		{1585A830-2D06-4444-B8B8-60034E37FA6C}.Release|Any CPU.ActiveCfg = Release|Any CPU
		{1585A830-2D06-4444-B8B8-60034E37FA6C}.Release|Any CPU.Build.0 = Release|Any CPU
	EndGlobalSection
	GlobalSection(SolutionProperties) = preSolution
		HideSolutionNode = FALSE
	EndGlobalSection
	GlobalSection(ExtensibilityGlobals) = postSolution
		SolutionGuid = {C22EF7D5-351C-4EEE-AF95-192D4D12950A}
	EndGlobalSection
EndGlobal
